
Microsoft Visual Studio Solution File, Format Version 12.00
# Visual Studio Version 17
VisualStudioVersion = 17.3.32825.248
MinimumVisualStudioVersion = 10.0.40219.1
Project("{FAE04EC0-301F-11D3-BF4B-00C04F79EFBC}") = "lista1ex3", "lista1ex3\lista1ex3.csproj", "{EA34AD1B-C5F1-4A9A-80D5-064A2A9AE319}"
EndProject
Global
	GlobalSection(SolutionConfigurationPlatforms) = preSolution
		Debug|Any CPU = Debug|Any CPU
		Release|Any CPU = Release|Any CPU
	EndGlobalSection
	GlobalSection(ProjectConfigurationPlatforms) = postSolution
		{EA34AD1B-C5F1-4A9A-80D5-064A2A9AE319}.Debug|Any CPU.ActiveCfg = Debug|Any CPU
		{EA34AD1B-C5F1-4A9A-80D5-064A2A9AE319}.Debug|Any CPU.Build.0 = Debug|Any CPU
		{EA34AD1B-C5F1-4A9A-80D5-064A2A9AE319}.Release|Any CPU.ActiveCfg = Release|Any CPU
		{EA34AD1B-C5F1-4A9A-80D5-064A2A9AE319}.Release|Any CPU.Build.0 = Release|Any CPU
	EndGlobalSection
	GlobalSection(SolutionProperties) = preSolution
		HideSolutionNode = FALSE
	EndGlobalSection
	GlobalSection(ExtensibilityGlobals) = postSolution
		SolutionGuid = {EF863951-BA11-4B5F-B405-9B1ABE066392}
	EndGlobalSection
EndGlobal
